{
  "object": {
    "pins": [
      {
        "package": "FormattableTextView",
        "repositoryURL": "https://github.com/qiwi/FormattableTextView.git",
        "state": {
          "branch": "textField-fix",
          "revision": "a65f7161bf9334dbae151c1fe446c37d2bf404b4",
          "version": null
        }
      }
    ]
  },
  "version": 1
}
